
Microsoft Visual Studio Solution File, Format Version 12.00
# Visual Studio 15
VisualStudioVersion = 15.0.28307.705
MinimumVisualStudioVersion = 10.0.40219.1
Project("{FAE04EC0-301F-11D3-BF4B-00C04F79EFBC}") = "CSharpTut16", "CSharpTut16\CSharpTut16.csproj", "{7F1E11C9-5D55-4993-BDAD-5A0C87CB5F36}"
EndProject
Global
	GlobalSection(SolutionConfigurationPlatforms) = preSolution
		Debug|Any CPU = Debug|Any CPU
		Release|Any CPU = Release|Any CPU
	EndGlobalSection
	GlobalSection(ProjectConfigurationPlatforms) = postSolution
		{7F1E11C9-5D55-4993-BDAD-5A0C87CB5F36}.Debug|Any CPU.ActiveCfg = Debug|Any CPU
		{7F1E11C9-5D55-4993-BDAD-5A0C87CB5F36}.Debug|Any CPU.Build.0 = Debug|Any CPU
		{7F1E11C9-5D55-4993-BDAD-5A0C87CB5F36}.Release|Any CPU.ActiveCfg = Release|Any CPU
		{7F1E11C9-5D55-4993-BDAD-5A0C87CB5F36}.Release|Any CPU.Build.0 = Release|Any CPU
	EndGlobalSection
	GlobalSection(SolutionProperties) = preSolution
		HideSolutionNode = FALSE
	EndGlobalSection
	GlobalSection(ExtensibilityGlobals) = postSolution
		SolutionGuid = {8EB63C86-D79F-4AA0-96EB-114E9060A44A}
	EndGlobalSection
EndGlobal
